
Microsoft Visual Studio Solution File, Format Version 12.00
# Visual Studio Version 17
VisualStudioVersion = 17.6.33815.320
MinimumVisualStudioVersion = 10.0.40219.1
Project("{FAE04EC0-301F-11D3-BF4B-00C04F79EFBC}") = "Regex", "Regex.csproj", "{D62AE674-3CD7-42F2-8502-7FC0AF0F9505}"
EndProject
Global
	GlobalSection(SolutionConfigurationPlatforms) = preSolution
		Debug|Any CPU = Debug|Any CPU
		Release|Any CPU = Release|Any CPU
	EndGlobalSection
	GlobalSection(ProjectConfigurationPlatforms) = postSolution
		{D62AE674-3CD7-42F2-8502-7FC0AF0F9505}.Debug|Any CPU.ActiveCfg = Debug|Any CPU
		{D62AE674-3CD7-42F2-8502-7FC0AF0F9505}.Debug|Any CPU.Build.0 = Debug|Any CPU
		{D62AE674-3CD7-42F2-8502-7FC0AF0F9505}.Release|Any CPU.ActiveCfg = Release|Any CPU
		{D62AE674-3CD7-42F2-8502-7FC0AF0F9505}.Release|Any CPU.Build.0 = Release|Any CPU
	EndGlobalSection
	GlobalSection(SolutionProperties) = preSolution
		HideSolutionNode = FALSE
	EndGlobalSection
	GlobalSection(ExtensibilityGlobals) = postSolution
		SolutionGuid = {3BD5B7BF-182D-438D-8AB5-20512F2732A3}
	EndGlobalSection
EndGlobal
